// !$*UTF8*$!
{
	archiveVersion = 1;
	classes = {
	};
	objectVersion = 56;
	objects = {

/* Begin PBXBuildFile section */
		033E6D732953B10F0093BE5A /* fonts in Resources */ = {isa = PBXBuildFile; fileRef = 033E6D722953B10F0093BE5A /* fonts */; };
		033E6D772953B16A0093BE5A /* Fonts.swift in Sources */ = {isa = PBXBuildFile; fileRef = 033E6D762953B16A0093BE5A /* Fonts.swift */; };
		033E6D7E2953DBFC0093BE5A /* HomeToolbar.swift in Sources */ = {isa = PBXBuildFile; fileRef = 033E6D7D2953DBFC0093BE5A /* HomeToolbar.swift */; };
		033E6D802953DDC70093BE5A /* PokemonMiniCard.swift in Sources */ = {isa = PBXBuildFile; fileRef = 033E6D7F2953DDC70093BE5A /* PokemonMiniCard.swift */; };
		033E6D822953E0900093BE5A /* Color.swift in Sources */ = {isa = PBXBuildFile; fileRef = 033E6D812953E0900093BE5A /* Color.swift */; };
		033E6D842953E45F0093BE5A /* HomeViewModel.swift in Sources */ = {isa = PBXBuildFile; fileRef = 033E6D832953E45F0093BE5A /* HomeViewModel.swift */; };
		033E6D862953E48B0093BE5A /* PokemonSearchModel.swift in Sources */ = {isa = PBXBuildFile; fileRef = 033E6D852953E48B0093BE5A /* PokemonSearchModel.swift */; };
		033E6D882953E6D80093BE5A /* PokemonModel.swift in Sources */ = {isa = PBXBuildFile; fileRef = 033E6D872953E6D80093BE5A /* PokemonModel.swift */; };
		03543D7E295687AE0037DED7 /* Service.swift in Sources */ = {isa = PBXBuildFile; fileRef = 03543D7D295687AE0037DED7 /* Service.swift */; };
		03543D83295761F80037DED7 /* AsyncImage.swift in Sources */ = {isa = PBXBuildFile; fileRef = 03543D82295761F80037DED7 /* AsyncImage.swift */; };
		037ED6B52952926400044B0C /* pokedexApp.swift in Sources */ = {isa = PBXBuildFile; fileRef = 037ED6B42952926400044B0C /* pokedexApp.swift */; };
		037ED6B72952926400044B0C /* HomeView.swift in Sources */ = {isa = PBXBuildFile; fileRef = 037ED6B62952926400044B0C /* HomeView.swift */; };
		037ED6B92952926600044B0C /* Assets.xcassets in Resources */ = {isa = PBXBuildFile; fileRef = 037ED6B82952926600044B0C /* Assets.xcassets */; };
		037ED6BC2952926600044B0C /* Preview Assets.xcassets in Resources */ = {isa = PBXBuildFile; fileRef = 037ED6BB2952926600044B0C /* Preview Assets.xcassets */; };
		037ED6C62952926600044B0C /* pokedexTests.swift in Sources */ = {isa = PBXBuildFile; fileRef = 037ED6C52952926600044B0C /* pokedexTests.swift */; };
		037ED6D02952926600044B0C /* pokedexUITests.swift in Sources */ = {isa = PBXBuildFile; fileRef = 037ED6CF2952926600044B0C /* pokedexUITests.swift */; };
		037ED6D22952926600044B0C /* pokedexUITestsLaunchTests.swift in Sources */ = {isa = PBXBuildFile; fileRef = 037ED6D12952926600044B0C /* pokedexUITestsLaunchTests.swift */; };
/* End PBXBuildFile section */

/* Begin PBXContainerItemProxy section */
		037ED6C22952926600044B0C /* PBXContainerItemProxy */ = {
			isa = PBXContainerItemProxy;
			containerPortal = 037ED6A92952926400044B0C /* Project object */;
			proxyType = 1;
			remoteGlobalIDString = 037ED6B02952926400044B0C;
			remoteInfo = pokedex;
		};
		037ED6CC2952926600044B0C /* PBXContainerItemProxy */ = {
			isa = PBXContainerItemProxy;
			containerPortal = 037ED6A92952926400044B0C /* Project object */;
			proxyType = 1;
			remoteGlobalIDString = 037ED6B02952926400044B0C;
			remoteInfo = pokedex;
		};
/* End PBXContainerItemProxy section */

/* Begin PBXFileReference section */
		033E6D722953B10F0093BE5A /* fonts */ = {isa = PBXFileReference; lastKnownFileType = folder; path = fonts; sourceTree = "<group>"; };
		033E6D742953B1220093BE5A /* Info.plist */ = {isa = PBXFileReference; lastKnownFileType = text.plist; path = Info.plist; sourceTree = "<group>"; };
		033E6D762953B16A0093BE5A /* Fonts.swift */ = {isa = PBXFileReference; lastKnownFileType = sourcecode.swift; path = Fonts.swift; sourceTree = "<group>"; };
		033E6D7D2953DBFC0093BE5A /* HomeToolbar.swift */ = {isa = PBXFileReference; lastKnownFileType = sourcecode.swift; path = HomeToolbar.swift; sourceTree = "<group>"; };
		033E6D7F2953DDC70093BE5A /* PokemonMiniCard.swift */ = {isa = PBXFileReference; lastKnownFileType = sourcecode.swift; path = PokemonMiniCard.swift; sourceTree = "<group>"; };
		033E6D812953E0900093BE5A /* Color.swift */ = {isa = PBXFileReference; lastKnownFileType = sourcecode.swift; path = Color.swift; sourceTree = "<group>"; };
		033E6D832953E45F0093BE5A /* HomeViewModel.swift */ = {isa = PBXFileReference; lastKnownFileType = sourcecode.swift; path = HomeViewModel.swift; sourceTree = "<group>"; };
		033E6D852953E48B0093BE5A /* PokemonSearchModel.swift */ = {isa = PBXFileReference; lastKnownFileType = sourcecode.swift; path = PokemonSearchModel.swift; sourceTree = "<group>"; };
		033E6D872953E6D80093BE5A /* PokemonModel.swift */ = {isa = PBXFileReference; lastKnownFileType = sourcecode.swift; path = PokemonModel.swift; sourceTree = "<group>"; };
		03543D7D295687AE0037DED7 /* Service.swift */ = {isa = PBXFileReference; lastKnownFileType = sourcecode.swift; path = Service.swift; sourceTree = "<group>"; };
		03543D82295761F80037DED7 /* AsyncImage.swift */ = {isa = PBXFileReference; lastKnownFileType = sourcecode.swift; path = AsyncImage.swift; sourceTree = "<group>"; };
		037ED6B12952926400044B0C /* pokedex.app */ = {isa = PBXFileReference; explicitFileType = wrapper.application; includeInIndex = 0; path = pokedex.app; sourceTree = BUILT_PRODUCTS_DIR; };
		037ED6B42952926400044B0C /* pokedexApp.swift */ = {isa = PBXFileReference; lastKnownFileType = sourcecode.swift; path = pokedexApp.swift; sourceTree = "<group>"; };
		037ED6B62952926400044B0C /* HomeView.swift */ = {isa = PBXFileReference; lastKnownFileType = sourcecode.swift; path = HomeView.swift; sourceTree = "<group>"; };
		037ED6B82952926600044B0C /* Assets.xcassets */ = {isa = PBXFileReference; lastKnownFileType = folder.assetcatalog; path = Assets.xcassets; sourceTree = "<group>"; };
		037ED6BB2952926600044B0C /* Preview Assets.xcassets */ = {isa = PBXFileReference; lastKnownFileType = folder.assetcatalog; path = "Preview Assets.xcassets"; sourceTree = "<group>"; };
		037ED6C12952926600044B0C /* pokedexTests.xctest */ = {isa = PBXFileReference; explicitFileType = wrapper.cfbundle; includeInIndex = 0; path = pokedexTests.xctest; sourceTree = BUILT_PRODUCTS_DIR; };
		037ED6C52952926600044B0C /* pokedexTests.swift */ = {isa = PBXFileReference; lastKnownFileType = sourcecode.swift; path = pokedexTests.swift; sourceTree = "<group>"; };
		037ED6CB2952926600044B0C /* pokedexUITests.xctest */ = {isa = PBXFileReference; explicitFileType = wrapper.cfbundle; includeInIndex = 0; path = pokedexUITests.xctest; sourceTree = BUILT_PRODUCTS_DIR; };
		037ED6CF2952926600044B0C /* pokedexUITests.swift */ = {isa = PBXFileReference; lastKnownFileType = sourcecode.swift; path = pokedexUITests.swift; sourceTree = "<group>"; };
		037ED6D12952926600044B0C /* pokedexUITestsLaunchTests.swift */ = {isa = PBXFileReference; lastKnownFileType = sourcecode.swift; path = pokedexUITestsLaunchTests.swift; sourceTree = "<group>"; };
/* End PBXFileReference section */

/* Begin PBXFrameworksBuildPhase section */
		037ED6AE2952926400044B0C /* Frameworks */ = {
			isa = PBXFrameworksBuildPhase;
			buildActionMask = 2147483647;
			files = (
			);
			runOnlyForDeploymentPostprocessing = 0;
		};
		037ED6BE2952926600044B0C /* Frameworks */ = {
			isa = PBXFrameworksBuildPhase;
			buildActionMask = 2147483647;
			files = (
			);
			runOnlyForDeploymentPostprocessing = 0;
		};
		037ED6C82952926600044B0C /* Frameworks */ = {
			isa = PBXFrameworksBuildPhase;
			buildActionMask = 2147483647;
			files = (
			);
			runOnlyForDeploymentPostprocessing = 0;
		};
/* End PBXFrameworksBuildPhase section */

/* Begin PBXGroup section */
		033E6D752953B1530093BE5A /* Utils */ = {
			isa = PBXGroup;
			children = (
				033E6D762953B16A0093BE5A /* Fonts.swift */,
				033E6D812953E0900093BE5A /* Color.swift */,
			);
			path = Utils;
			sourceTree = "<group>";
		};
		033E6D782953DAA10093BE5A /* Presenter */ = {
			isa = PBXGroup;
			children = (
				033E6D7A2953DB960093BE5A /* ViewModel */,
				033E6D792953DAAC0093BE5A /* Components */,
				037ED6DE295299CE00044B0C /* View */,
			);
			path = Presenter;
			sourceTree = "<group>";
		};
		033E6D792953DAAC0093BE5A /* Components */ = {
			isa = PBXGroup;
			children = (
				033E6D7D2953DBFC0093BE5A /* HomeToolbar.swift */,
				033E6D7F2953DDC70093BE5A /* PokemonMiniCard.swift */,
				03543D82295761F80037DED7 /* AsyncImage.swift */,
			);
			path = Components;
			sourceTree = "<group>";
		};
		033E6D7A2953DB960093BE5A /* ViewModel */ = {
			isa = PBXGroup;
			children = (
				033E6D832953E45F0093BE5A /* HomeViewModel.swift */,
			);
			path = ViewModel;
			sourceTree = "<group>";
		};
		033E6D7B2953DBA30093BE5A /* Domain */ = {
			isa = PBXGroup;
			children = (
				037ED6DF295299D600044B0C /* Model */,
			);
			path = Domain;
			sourceTree = "<group>";
		};
		033E6D7C2953DBD80093BE5A /* External */ = {
			isa = PBXGroup;
			children = (
				03543D7D295687AE0037DED7 /* Service.swift */,
			);
			path = External;
			sourceTree = "<group>";
		};
		037ED6A82952926400044B0C = {
			isa = PBXGroup;
			children = (
				037ED6B32952926400044B0C /* pokedex */,
				037ED6C42952926600044B0C /* pokedexTests */,
				037ED6CE2952926600044B0C /* pokedexUITests */,
				037ED6B22952926400044B0C /* Products */,
			);
			sourceTree = "<group>";
		};
		037ED6B22952926400044B0C /* Products */ = {
			isa = PBXGroup;
			children = (
				037ED6B12952926400044B0C /* pokedex.app */,
				037ED6C12952926600044B0C /* pokedexTests.xctest */,
				037ED6CB2952926600044B0C /* pokedexUITests.xctest */,
			);
			name = Products;
			sourceTree = "<group>";
		};
		037ED6B32952926400044B0C /* pokedex */ = {
			isa = PBXGroup;
			children = (
				033E6D7C2953DBD80093BE5A /* External */,
				033E6D7B2953DBA30093BE5A /* Domain */,
				033E6D782953DAA10093BE5A /* Presenter */,
				033E6D752953B1530093BE5A /* Utils */,
				033E6D742953B1220093BE5A /* Info.plist */,
				033E6D722953B10F0093BE5A /* fonts */,
				037ED6B42952926400044B0C /* pokedexApp.swift */,
				037ED6B82952926600044B0C /* Assets.xcassets */,
				037ED6BA2952926600044B0C /* Preview Content */,
			);
			path = pokedex;
			sourceTree = "<group>";
		};
		037ED6BA2952926600044B0C /* Preview Content */ = {
			isa = PBXGroup;
			children = (
				037ED6BB2952926600044B0C /* Preview Assets.xcassets */,
			);
			path = "Preview Content";
			sourceTree = "<group>";
		};
		037ED6C42952926600044B0C /* pokedexTests */ = {
			isa = PBXGroup;
			children = (
				037ED6C52952926600044B0C /* pokedexTests.swift */,
			);
			path = pokedexTests;
			sourceTree = "<group>";
		};
		037ED6CE2952926600044B0C /* pokedexUITests */ = {
			isa = PBXGroup;
			children = (
				037ED6CF2952926600044B0C /* pokedexUITests.swift */,
				037ED6D12952926600044B0C /* pokedexUITestsLaunchTests.swift */,
			);
			path = pokedexUITests;
			sourceTree = "<group>";
		};
		037ED6DE295299CE00044B0C /* View */ = {
			isa = PBXGroup;
			children = (
				037ED6B62952926400044B0C /* HomeView.swift */,
			);
			path = View;
			sourceTree = "<group>";
		};
		037ED6DF295299D600044B0C /* Model */ = {
			isa = PBXGroup;
			children = (
				033E6D852953E48B0093BE5A /* PokemonSearchModel.swift */,
				033E6D872953E6D80093BE5A /* PokemonModel.swift */,
			);
			path = Model;
			sourceTree = "<group>";
		};
/* End PBXGroup section */

/* Begin PBXNativeTarget section */
		037ED6B02952926400044B0C /* pokedex */ = {
			isa = PBXNativeTarget;
			buildConfigurationList = 037ED6D52952926600044B0C /* Build configuration list for PBXNativeTarget "pokedex" */;
			buildPhases = (
				037ED6AD2952926400044B0C /* Sources */,
				037ED6AE2952926400044B0C /* Frameworks */,
				037ED6AF2952926400044B0C /* Resources */,
			);
			buildRules = (
			);
			dependencies = (
			);
			name = pokedex;
			packageProductDependencies = (
			);
			productName = pokedex;
			productReference = 037ED6B12952926400044B0C /* pokedex.app */;
			productType = "com.apple.product-type.application";
		};
		037ED6C02952926600044B0C /* pokedexTests */ = {
			isa = PBXNativeTarget;
			buildConfigurationList = 037ED6D82952926600044B0C /* Build configuration list for PBXNativeTarget "pokedexTests" */;
			buildPhases = (
				037ED6BD2952926600044B0C /* Sources */,
				037ED6BE2952926600044B0C /* Frameworks */,
				037ED6BF2952926600044B0C /* Resources */,
			);
			buildRules = (
			);
			dependencies = (
				037ED6C32952926600044B0C /* PBXTargetDependency */,
			);
			name = pokedexTests;
			productName = pokedexTests;
			productReference = 037ED6C12952926600044B0C /* pokedexTests.xctest */;
			productType = "com.apple.product-type.bundle.unit-test";
		};
		037ED6CA2952926600044B0C /* pokedexUITests */ = {
			isa = PBXNativeTarget;
			buildConfigurationList = 037ED6DB2952926600044B0C /* Build configuration list for PBXNativeTarget "pokedexUITests" */;
			buildPhases = (
				037ED6C72952926600044B0C /* Sources */,
				037ED6C82952926600044B0C /* Frameworks */,
				037ED6C92952926600044B0C /* Resources */,
			);
			buildRules = (
			);
			dependencies = (
				037ED6CD2952926600044B0C /* PBXTargetDependency */,
			);
			name = pokedexUITests;
			productName = pokedexUITests;
			productReference = 037ED6CB2952926600044B0C /* pokedexUITests.xctest */;
			productType = "com.apple.product-type.bundle.ui-testing";
		};
/* End PBXNativeTarget section */

/* Begin PBXProject section */
		037ED6A92952926400044B0C /* Project object */ = {
			isa = PBXProject;
			attributes = {
				BuildIndependentTargetsInParallel = 1;
				LastSwiftUpdateCheck = 1420;
				LastUpgradeCheck = 1420;
				TargetAttributes = {
					037ED6B02952926400044B0C = {
						CreatedOnToolsVersion = 14.2;
					};
					037ED6C02952926600044B0C = {
						CreatedOnToolsVersion = 14.2;
						TestTargetID = 037ED6B02952926400044B0C;
					};
					037ED6CA2952926600044B0C = {
						CreatedOnToolsVersion = 14.2;
						TestTargetID = 037ED6B02952926400044B0C;
					};
				};
			};
			buildConfigurationList = 037ED6AC2952926400044B0C /* Build configuration list for PBXProject "pokedex" */;
			compatibilityVersion = "Xcode 14.0";
			developmentRegion = en;
			hasScannedForEncodings = 0;
			knownRegions = (
				en,
				Base,
			);
			mainGroup = 037ED6A82952926400044B0C;
			packageReferences = (
				03543D7F2956961A0037DED7 /* XCRemoteSwiftPackageReference "PromiseQ" */,
			);
			productRefGroup = 037ED6B22952926400044B0C /* Products */;
			projectDirPath = "";
			projectRoot = "";
			targets = (
				037ED6B02952926400044B0C /* pokedex */,
				037ED6C02952926600044B0C /* pokedexTests */,
				037ED6CA2952926600044B0C /* pokedexUITests */,
			);
		};
/* End PBXProject section */

/* Begin PBXResourcesBuildPhase section */
		037ED6AF2952926400044B0C /* Resources */ = {
			isa = PBXResourcesBuildPhase;
			buildActionMask = 2147483647;
			files = (
				033E6D732953B10F0093BE5A /* fonts in Resources */,
				037ED6BC2952926600044B0C /* Preview Assets.xcassets in Resources */,
				037ED6B92952926600044B0C /* Assets.xcassets in Resources */,
			);
			runOnlyForDeploymentPostprocessing = 0;
		};
		037ED6BF2952926600044B0C /* Resources */ = {
			isa = PBXResourcesBuildPhase;
			buildActionMask = 2147483647;
			files = (
			);
			runOnlyForDeploymentPostprocessing = 0;
		};
		037ED6C92952926600044B0C /* Resources */ = {
			isa = PBXResourcesBuildPhase;
			buildActionMask = 2147483647;
			files = (
			);
			runOnlyForDeploymentPostprocessing = 0;
		};
/* End PBXResourcesBuildPhase section */

/* Begin PBXSourcesBuildPhase section */
		037ED6AD2952926400044B0C /* Sources */ = {
			isa = PBXSourcesBuildPhase;
			buildActionMask = 2147483647;
			files = (
				033E6D7E2953DBFC0093BE5A /* HomeToolbar.swift in Sources */,
				037ED6B72952926400044B0C /* HomeView.swift in Sources */,
				033E6D842953E45F0093BE5A /* HomeViewModel.swift in Sources */,
				033E6D772953B16A0093BE5A /* Fonts.swift in Sources */,
				037ED6B52952926400044B0C /* pokedexApp.swift in Sources */,
				03543D83295761F80037DED7 /* AsyncImage.swift in Sources */,
				033E6D862953E48B0093BE5A /* PokemonSearchModel.swift in Sources */,
				033E6D802953DDC70093BE5A /* PokemonMiniCard.swift in Sources */,
				03543D7E295687AE0037DED7 /* Service.swift in Sources */,
				033E6D882953E6D80093BE5A /* PokemonModel.swift in Sources */,
				033E6D822953E0900093BE5A /* Color.swift in Sources */,
			);
			runOnlyForDeploymentPostprocessing = 0;
		};
		037ED6BD2952926600044B0C /* Sources */ = {
			isa = PBXSourcesBuildPhase;
			buildActionMask = 2147483647;
			files = (
				037ED6C62952926600044B0C /* pokedexTests.swift in Sources */,
			);
			runOnlyForDeploymentPostprocessing = 0;
		};
		037ED6C72952926600044B0C /* Sources */ = {
			isa = PBXSourcesBuildPhase;
			buildActionMask = 2147483647;
			files = (
				037ED6D02952926600044B0C /* pokedexUITests.swift in Sources */,
				037ED6D22952926600044B0C /* pokedexUITestsLaunchTests.swift in Sources */,
			);
			runOnlyForDeploymentPostprocessing = 0;
		};
/* End PBXSourcesBuildPhase section */

/* Begin PBXTargetDependency section */
		037ED6C32952926600044B0C /* PBXTargetDependency */ = {
			isa = PBXTargetDependency;
			target = 037ED6B02952926400044B0C /* pokedex */;
			targetProxy = 037ED6C22952926600044B0C /* PBXContainerItemProxy */;
		};
		037ED6CD2952926600044B0C /* PBXTargetDependency */ = {
			isa = PBXTargetDependency;
			target = 037ED6B02952926400044B0C /* pokedex */;
			targetProxy = 037ED6CC2952926600044B0C /* PBXContainerItemProxy */;
		};
/* End PBXTargetDependency section */

/* Begin XCBuildConfiguration section */
		037ED6D32952926600044B0C /* Debug */ = {
			isa = XCBuildConfiguration;
			buildSettings = {
				ALWAYS_SEARCH_USER_PATHS = NO;
				CLANG_ANALYZER_NONNULL = YES;
				CLANG_ANALYZER_NUMBER_OBJECT_CONVERSION = YES_AGGRESSIVE;
				CLANG_CXX_LANGUAGE_STANDARD = "gnu++20";
				CLANG_ENABLE_MODULES = YES;
				CLANG_ENABLE_OBJC_ARC = YES;
				CLANG_ENABLE_OBJC_WEAK = YES;
				CLANG_WARN_BLOCK_CAPTURE_AUTORELEASING = YES;
				CLANG_WARN_BOOL_CONVERSION = YES;
				CLANG_WARN_COMMA = YES;
				CLANG_WARN_CONSTANT_CONVERSION = YES;
				CLANG_WARN_DEPRECATED_OBJC_IMPLEMENTATIONS = YES;
				CLANG_WARN_DIRECT_OBJC_ISA_USAGE = YES_ERROR;
				CLANG_WARN_DOCUMENTATION_COMMENTS = YES;
				CLANG_WARN_EMPTY_BODY = YES;
				CLANG_WARN_ENUM_CONVERSION = YES;
				CLANG_WARN_INFINITE_RECURSION = YES;
				CLANG_WARN_INT_CONVERSION = YES;
				CLANG_WARN_NON_LITERAL_NULL_CONVERSION = YES;
				CLANG_WARN_OBJC_IMPLICIT_RETAIN_SELF = YES;
				CLANG_WARN_OBJC_LITERAL_CONVERSION = YES;
				CLANG_WARN_OBJC_ROOT_CLASS = YES_ERROR;
				CLANG_WARN_QUOTED_INCLUDE_IN_FRAMEWORK_HEADER = YES;
				CLANG_WARN_RANGE_LOOP_ANALYSIS = YES;
				CLANG_WARN_STRICT_PROTOTYPES = YES;
				CLANG_WARN_SUSPICIOUS_MOVE = YES;
				CLANG_WARN_UNGUARDED_AVAILABILITY = YES_AGGRESSIVE;
				CLANG_WARN_UNREACHABLE_CODE = YES;
				CLANG_WARN__DUPLICATE_METHOD_MATCH = YES;
				COPY_PHASE_STRIP = NO;
				DEBUG_INFORMATION_FORMAT = dwarf;
				ENABLE_STRICT_OBJC_MSGSEND = YES;
				ENABLE_TESTABILITY = YES;
				GCC_C_LANGUAGE_STANDARD = gnu11;
				GCC_DYNAMIC_NO_PIC = NO;
				GCC_NO_COMMON_BLOCKS = YES;
				GCC_OPTIMIZATION_LEVEL = 0;
				GCC_PREPROCESSOR_DEFINITIONS = (
					"DEBUG=1",
					"$(inherited)",
				);
				GCC_WARN_64_TO_32_BIT_CONVERSION = YES;
				GCC_WARN_ABOUT_RETURN_TYPE = YES_ERROR;
				GCC_WARN_UNDECLARED_SELECTOR = YES;
				GCC_WARN_UNINITIALIZED_AUTOS = YES_AGGRESSIVE;
				GCC_WARN_UNUSED_FUNCTION = YES;
				GCC_WARN_UNUSED_VARIABLE = YES;
				IPHONEOS_DEPLOYMENT_TARGET = 16.2;
				MTL_ENABLE_DEBUG_INFO = INCLUDE_SOURCE;
				MTL_FAST_MATH = YES;
				ONLY_ACTIVE_ARCH = YES;
				SDKROOT = iphoneos;
				SWIFT_ACTIVE_COMPILATION_CONDITIONS = DEBUG;
				SWIFT_OPTIMIZATION_LEVEL = "-Onone";
			};
			name = Debug;
		};
		037ED6D42952926600044B0C /* Release */ = {
			isa = XCBuildConfiguration;
			buildSettings = {
				ALWAYS_SEARCH_USER_PATHS = NO;
				CLANG_ANALYZER_NONNULL = YES;
				CLANG_ANALYZER_NUMBER_OBJECT_CONVERSION = YES_AGGRESSIVE;
				CLANG_CXX_LANGUAGE_STANDARD = "gnu++20";
				CLANG_ENABLE_MODULES = YES;
				CLANG_ENABLE_OBJC_ARC = YES;
				CLANG_ENABLE_OBJC_WEAK = YES;
				CLANG_WARN_BLOCK_CAPTURE_AUTORELEASING = YES;
				CLANG_WARN_BOOL_CONVERSION = YES;
				CLANG_WARN_COMMA = YES;
				CLANG_WARN_CONSTANT_CONVERSION = YES;
				CLANG_WARN_DEPRECATED_OBJC_IMPLEMENTATIONS = YES;
				CLANG_WARN_DIRECT_OBJC_ISA_USAGE = YES_ERROR;
				CLANG_WARN_DOCUMENTATION_COMMENTS = YES;
				CLANG_WARN_EMPTY_BODY = YES;
				CLANG_WARN_ENUM_CONVERSION = YES;
				CLANG_WARN_INFINITE_RECURSION = YES;
				CLANG_WARN_INT_CONVERSION = YES;
				CLANG_WARN_NON_LITERAL_NULL_CONVERSION = YES;
				CLANG_WARN_OBJC_IMPLICIT_RETAIN_SELF = YES;
				CLANG_WARN_OBJC_LITERAL_CONVERSION = YES;
				CLANG_WARN_OBJC_ROOT_CLASS = YES_ERROR;
				CLANG_WARN_QUOTED_INCLUDE_IN_FRAMEWORK_HEADER = YES;
				CLANG_WARN_RANGE_LOOP_ANALYSIS = YES;
				CLANG_WARN_STRICT_PROTOTYPES = YES;
				CLANG_WARN_SUSPICIOUS_MOVE = YES;
				CLANG_WARN_UNGUARDED_AVAILABILITY = YES_AGGRESSIVE;
				CLANG_WARN_UNREACHABLE_CODE = YES;
				CLANG_WARN__DUPLICATE_METHOD_MATCH = YES;
				COPY_PHASE_STRIP = NO;
				DEBUG_INFORMATION_FORMAT = "dwarf-with-dsym";
				ENABLE_NS_ASSERTIONS = NO;
				ENABLE_STRICT_OBJC_MSGSEND = YES;
				GCC_C_LANGUAGE_STANDARD = gnu11;
				GCC_NO_COMMON_BLOCKS = YES;
				GCC_WARN_64_TO_32_BIT_CONVERSION = YES;
				GCC_WARN_ABOUT_RETURN_TYPE = YES_ERROR;
				GCC_WARN_UNDECLARED_SELECTOR = YES;
				GCC_WARN_UNINITIALIZED_AUTOS = YES_AGGRESSIVE;
				GCC_WARN_UNUSED_FUNCTION = YES;
				GCC_WARN_UNUSED_VARIABLE = YES;
				IPHONEOS_DEPLOYMENT_TARGET = 16.2;
				MTL_ENABLE_DEBUG_INFO = NO;
				MTL_FAST_MATH = YES;
				SDKROOT = iphoneos;
				SWIFT_COMPILATION_MODE = wholemodule;
				SWIFT_OPTIMIZATION_LEVEL = "-O";
				VALIDATE_PRODUCT = YES;
			};
			name = Release;
		};
		037ED6D62952926600044B0C /* Debug */ = {
			isa = XCBuildConfiguration;
			buildSettings = {
				ASSETCATALOG_COMPILER_APPICON_NAME = AppIcon;
				ASSETCATALOG_COMPILER_GLOBAL_ACCENT_COLOR_NAME = AccentColor;
				CODE_SIGN_STYLE = Automatic;
				CURRENT_PROJECT_VERSION = 1;
				DEVELOPMENT_ASSET_PATHS = "\"pokedex/Preview Content\"";
				DEVELOPMENT_TEAM = 6PHC734299;
				ENABLE_PREVIEWS = YES;
				GENERATE_INFOPLIST_FILE = YES;
				INFOPLIST_FILE = pokedex/Info.plist;
				INFOPLIST_KEY_UIApplicationSceneManifest_Generation = YES;
				INFOPLIST_KEY_UIApplicationSupportsIndirectInputEvents = YES;
				INFOPLIST_KEY_UILaunchScreen_Generation = YES;
				INFOPLIST_KEY_UISupportedInterfaceOrientations_iPad = "UIInterfaceOrientationPortrait UIInterfaceOrientationPortraitUpsideDown UIInterfaceOrientationLandscapeLeft UIInterfaceOrientationLandscapeRight";
				INFOPLIST_KEY_UISupportedInterfaceOrientations_iPhone = "UIInterfaceOrientationPortrait UIInterfaceOrientationLandscapeLeft UIInterfaceOrientationLandscapeRight";
				LD_RUNPATH_SEARCH_PATHS = (
					"$(inherited)",
					"@executable_path/Frameworks",
				);
				MARKETING_VERSION = 1.0;
				PRODUCT_BUNDLE_IDENTIFIER = com.hugobranco.pokedex;
				PRODUCT_NAME = "$(TARGET_NAME)";
				SWIFT_EMIT_LOC_STRINGS = YES;
				SWIFT_VERSION = 5.0;
				TARGETED_DEVICE_FAMILY = "1,2";
			};
			name = Debug;
		};
		037ED6D72952926600044B0C /* Release */ = {
			isa = XCBuildConfiguration;
			buildSettings = {
				ASSETCATALOG_COMPILER_APPICON_NAME = AppIcon;
				ASSETCATALOG_COMPILER_GLOBAL_ACCENT_COLOR_NAME = AccentColor;
				CODE_SIGN_STYLE = Automatic;
				CURRENT_PROJECT_VERSION = 1;
				DEVELOPMENT_ASSET_PATHS = "\"pokedex/Preview Content\"";
				DEVELOPMENT_TEAM = 6PHC734299;
				ENABLE_PREVIEWS = YES;
				GENERATE_INFOPLIST_FILE = YES;
				INFOPLIST_FILE = pokedex/Info.plist;
				INFOPLIST_KEY_UIApplicationSceneManifest_Generation = YES;
				INFOPLIST_KEY_UIApplicationSupportsIndirectInputEvents = YES;
				INFOPLIST_KEY_UILaunchScreen_Generation = YES;
				INFOPLIST_KEY_UISupportedInterfaceOrientations_iPad = "UIInterfaceOrientationPortrait UIInterfaceOrientationPortraitUpsideDown UIInterfaceOrientationLandscapeLeft UIInterfaceOrientationLandscapeRight";
				INFOPLIST_KEY_UISupportedInterfaceOrientations_iPhone = "UIInterfaceOrientationPortrait UIInterfaceOrientationLandscapeLeft UIInterfaceOrientationLandscapeRight";
				LD_RUNPATH_SEARCH_PATHS = (
					"$(inherited)",
					"@executable_path/Frameworks",
				);
				MARKETING_VERSION = 1.0;
				PRODUCT_BUNDLE_IDENTIFIER = com.hugobranco.pokedex;
				PRODUCT_NAME = "$(TARGET_NAME)";
				SWIFT_EMIT_LOC_STRINGS = YES;
				SWIFT_VERSION = 5.0;
				TARGETED_DEVICE_FAMILY = "1,2";
			};
			name = Release;
		};
		037ED6D92952926600044B0C /* Debug */ = {
			isa = XCBuildConfiguration;
			buildSettings = {
				ALWAYS_EMBED_SWIFT_STANDARD_LIBRARIES = YES;
				BUNDLE_LOADER = "$(TEST_HOST)";
				CODE_SIGN_STYLE = Automatic;
				CURRENT_PROJECT_VERSION = 1;
				DEVELOPMENT_TEAM = 6PHC734299;
				GENERATE_INFOPLIST_FILE = YES;
				IPHONEOS_DEPLOYMENT_TARGET = 16.2;
				MARKETING_VERSION = 1.0;
				PRODUCT_BUNDLE_IDENTIFIER = com.hugobranco.pokedexTests;
				PRODUCT_NAME = "$(TARGET_NAME)";
				SWIFT_EMIT_LOC_STRINGS = NO;
				SWIFT_VERSION = 5.0;
				TARGETED_DEVICE_FAMILY = "1,2";
				TEST_HOST = "$(BUILT_PRODUCTS_DIR)/pokedex.app/$(BUNDLE_EXECUTABLE_FOLDER_PATH)/pokedex";
			};
			name = Debug;
		};
		037ED6DA2952926600044B0C /* Release */ = {
			isa = XCBuildConfiguration;
			buildSettings = {
				ALWAYS_EMBED_SWIFT_STANDARD_LIBRARIES = YES;
				BUNDLE_LOADER = "$(TEST_HOST)";
				CODE_SIGN_STYLE = Automatic;
				CURRENT_PROJECT_VERSION = 1;
				DEVELOPMENT_TEAM = 6PHC734299;
				GENERATE_INFOPLIST_FILE = YES;
				IPHONEOS_DEPLOYMENT_TARGET = 16.2;
				MARKETING_VERSION = 1.0;
				PRODUCT_BUNDLE_IDENTIFIER = com.hugobranco.pokedexTests;
				PRODUCT_NAME = "$(TARGET_NAME)";
				SWIFT_EMIT_LOC_STRINGS = NO;
				SWIFT_VERSION = 5.0;
				TARGETED_DEVICE_FAMILY = "1,2";
				TEST_HOST = "$(BUILT_PRODUCTS_DIR)/pokedex.app/$(BUNDLE_EXECUTABLE_FOLDER_PATH)/pokedex";
			};
			name = Release;
		};
		037ED6DC2952926600044B0C /* Debug */ = {
			isa = XCBuildConfiguration;
			buildSettings = {
				ALWAYS_EMBED_SWIFT_STANDARD_LIBRARIES = YES;
				CODE_SIGN_STYLE = Automatic;
				CURRENT_PROJECT_VERSION = 1;
				DEVELOPMENT_TEAM = 6PHC734299;
				GENERATE_INFOPLIST_FILE = YES;
				MARKETING_VERSION = 1.0;
				PRODUCT_BUNDLE_IDENTIFIER = com.hugobranco.pokedexUITests;
				PRODUCT_NAME = "$(TARGET_NAME)";
				SWIFT_EMIT_LOC_STRINGS = NO;
				SWIFT_VERSION = 5.0;
				TARGETED_DEVICE_FAMILY = "1,2";
				TEST_TARGET_NAME = pokedex;
			};
			name = Debug;
		};
		037ED6DD2952926600044B0C /* Release */ = {
			isa = XCBuildConfiguration;
			buildSettings = {
				ALWAYS_EMBED_SWIFT_STANDARD_LIBRARIES = YES;
				CODE_SIGN_STYLE = Automatic;
				CURRENT_PROJECT_VERSION = 1;
				DEVELOPMENT_TEAM = 6PHC734299;
				GENERATE_INFOPLIST_FILE = YES;
				MARKETING_VERSION = 1.0;
				PRODUCT_BUNDLE_IDENTIFIER = com.hugobranco.pokedexUITests;
				PRODUCT_NAME = "$(TARGET_NAME)";
				SWIFT_EMIT_LOC_STRINGS = NO;
				SWIFT_VERSION = 5.0;
				TARGETED_DEVICE_FAMILY = "1,2";
				TEST_TARGET_NAME = pokedex;
			};
			name = Release;
		};
/* End XCBuildConfiguration section */

/* Begin XCConfigurationList section */
		037ED6AC2952926400044B0C /* Build configuration list for PBXProject "pokedex" */ = {
			isa = XCConfigurationList;
			buildConfigurations = (
				037ED6D32952926600044B0C /* Debug */,
				037ED6D42952926600044B0C /* Release */,
			);
			defaultConfigurationIsVisible = 0;
			defaultConfigurationName = Release;
		};
		037ED6D52952926600044B0C /* Build configuration list for PBXNativeTarget "pokedex" */ = {
			isa = XCConfigurationList;
			buildConfigurations = (
				037ED6D62952926600044B0C /* Debug */,
				037ED6D72952926600044B0C /* Release */,
			);
			defaultConfigurationIsVisible = 0;
			defaultConfigurationName = Release;
		};
		037ED6D82952926600044B0C /* Build configuration list for PBXNativeTarget "pokedexTests" */ = {
			isa = XCConfigurationList;
			buildConfigurations = (
				037ED6D92952926600044B0C /* Debug */,
				037ED6DA2952926600044B0C /* Release */,
			);
			defaultConfigurationIsVisible = 0;
			defaultConfigurationName = Release;
		};
		037ED6DB2952926600044B0C /* Build configuration list for PBXNativeTarget "pokedexUITests" */ = {
			isa = XCConfigurationList;
			buildConfigurations = (
				037ED6DC2952926600044B0C /* Debug */,
				037ED6DD2952926600044B0C /* Release */,
			);
			defaultConfigurationIsVisible = 0;
			defaultConfigurationName = Release;
		};
/* End XCConfigurationList section */

/* Begin XCRemoteSwiftPackageReference section */
		03543D7F2956961A0037DED7 /* XCRemoteSwiftPackageReference "PromiseQ" */ = {
			isa = XCRemoteSwiftPackageReference;
			repositoryURL = "git@github.com:ikhvorost/PromiseQ.git";
			requirement = {
				kind = exactVersion;
				version = 1.7.0;
			};
		};
/* End XCRemoteSwiftPackageReference section */
	};
	rootObject = 037ED6A92952926400044B0C /* Project object */;
}
